
Microsoft Visual Studio Solution File, Format Version 12.00
# Visual Studio Version 16
VisualStudioVersion = 16.0.29728.190
MinimumVisualStudioVersion = 10.0.40219.1
Project("{9A19103F-16F7-4668-BE54-9A1E7A4F7556}") = "NetArchTest.Rules", "src\NetArchTest.Rules\NetArchTest.Rules.csproj", "{2FDD6DBD-F203-4EC9-9F9B-6771713CC353}"
EndProject
Project("{2150E333-8FDC-42A3-9474-1A3956D46DE8}") = "src", "src", "{13D8126E-E351-4956-AA64-2BAF6F8B2613}"
EndProject
Project("{2150E333-8FDC-42A3-9474-1A3956D46DE8}") = "test", "test", "{660FEA1B-C886-4B72-AD70-1D7DD248CD76}"
EndProject
Project("{9A19103F-16F7-4668-BE54-9A1E7A4F7556}") = "NetArchTest.Rules.UnitTests", "test\NetArchTest.Rules.UnitTests\NetArchTest.Rules.UnitTests.csproj", "{D56F6954-7CCA-41D6-BA81-850F0C81FE3A}"
EndProject
Project("{9A19103F-16F7-4668-BE54-9A1E7A4F7556}") = "NetArchTest.TestStructure", "test\NetArchTest.TestStructure\NetArchTest.TestStructure.csproj", "{D91C182D-DC97-4F9B-AFFE-8C7A62501DA6}"
EndProject
Project("{2150E333-8FDC-42A3-9474-1A3956D46DE8}") = "examples", "examples", "{460F2EC0-8774-4A26-835C-2FFFCAEEE1FA}"
EndProject
Project("{9A19103F-16F7-4668-BE54-9A1E7A4F7556}") = "NetArchTest.SampleRules", "samples\NetArchTest.SampleRules\NetArchTest.SampleRules.csproj", "{4C5B170E-CAA1-421E-9FA5-9C2D6BEDB27C}"
EndProject
Project("{9A19103F-16F7-4668-BE54-9A1E7A4F7556}") = "NetArchTest.SampleLibrary", "samples\NetArchTest.SampleLibrary\NetArchTest.SampleLibrary.csproj", "{7123A8AE-678D-4D14-82E5-EB5607ABDC4A}"
EndProject
Project("{FAE04EC0-301F-11D3-BF4B-00C04F79EFBC}") = "NetArchTest.CrossAssemblyTest.A", "test\NetArchTest.CrossAssemblyTest.A\NetArchTest.CrossAssemblyTest.A.csproj", "{70B787F2-8B79-4AA5-8C73-26682A605B6B}"
EndProject
Project("{FAE04EC0-301F-11D3-BF4B-00C04F79EFBC}") = "NetArchTest.CrossAssemblyTest.B", "test\NetArchTest.CrossAssemblyTest.B\NetArchTest.CrossAssemblyTest.B.csproj", "{28692D43-3E08-43E4-BCBB-5940B9F741C6}"
EndProject
Global
	GlobalSection(SolutionConfigurationPlatforms) = preSolution
		Debug|Any CPU = Debug|Any CPU
		Release|Any CPU = Release|Any CPU
	EndGlobalSection
	GlobalSection(ProjectConfigurationPlatforms) = postSolution
		{2FDD6DBD-F203-4EC9-9F9B-6771713CC353}.Debug|Any CPU.ActiveCfg = Debug|Any CPU
		{2FDD6DBD-F203-4EC9-9F9B-6771713CC353}.Debug|Any CPU.Build.0 = Debug|Any CPU
		{2FDD6DBD-F203-4EC9-9F9B-6771713CC353}.Release|Any CPU.ActiveCfg = Release|Any CPU
		{2FDD6DBD-F203-4EC9-9F9B-6771713CC353}.Release|Any CPU.Build.0 = Release|Any CPU
		{D56F6954-7CCA-41D6-BA81-850F0C81FE3A}.Debug|Any CPU.ActiveCfg = Debug|Any CPU
		{D56F6954-7CCA-41D6-BA81-850F0C81FE3A}.Debug|Any CPU.Build.0 = Debug|Any CPU
		{D56F6954-7CCA-41D6-BA81-850F0C81FE3A}.Release|Any CPU.ActiveCfg = Release|Any CPU
		{D56F6954-7CCA-41D6-BA81-850F0C81FE3A}.Release|Any CPU.Build.0 = Release|Any CPU
		{D91C182D-DC97-4F9B-AFFE-8C7A62501DA6}.Debug|Any CPU.ActiveCfg = Debug|Any CPU
		{D91C182D-DC97-4F9B-AFFE-8C7A62501DA6}.Debug|Any CPU.Build.0 = Debug|Any CPU
		{D91C182D-DC97-4F9B-AFFE-8C7A62501DA6}.Release|Any CPU.ActiveCfg = Release|Any CPU
		{D91C182D-DC97-4F9B-AFFE-8C7A62501DA6}.Release|Any CPU.Build.0 = Release|Any CPU
		{4C5B170E-CAA1-421E-9FA5-9C2D6BEDB27C}.Debug|Any CPU.ActiveCfg = Debug|Any CPU
		{4C5B170E-CAA1-421E-9FA5-9C2D6BEDB27C}.Debug|Any CPU.Build.0 = Debug|Any CPU
		{4C5B170E-CAA1-421E-9FA5-9C2D6BEDB27C}.Release|Any CPU.ActiveCfg = Release|Any CPU
		{4C5B170E-CAA1-421E-9FA5-9C2D6BEDB27C}.Release|Any CPU.Build.0 = Release|Any CPU
		{7123A8AE-678D-4D14-82E5-EB5607ABDC4A}.Debug|Any CPU.ActiveCfg = Debug|Any CPU
		{7123A8AE-678D-4D14-82E5-EB5607ABDC4A}.Debug|Any CPU.Build.0 = Debug|Any CPU
		{7123A8AE-678D-4D14-82E5-EB5607ABDC4A}.Release|Any CPU.ActiveCfg = Release|Any CPU
		{7123A8AE-678D-4D14-82E5-EB5607ABDC4A}.Release|Any CPU.Build.0 = Release|Any CPU
		{70B787F2-8B79-4AA5-8C73-26682A605B6B}.Debug|Any CPU.ActiveCfg = Debug|Any CPU
		{70B787F2-8B79-4AA5-8C73-26682A605B6B}.Debug|Any CPU.Build.0 = Debug|Any CPU
		{70B787F2-8B79-4AA5-8C73-26682A605B6B}.Release|Any CPU.ActiveCfg = Release|Any CPU
		{70B787F2-8B79-4AA5-8C73-26682A605B6B}.Release|Any CPU.Build.0 = Release|Any CPU
		{28692D43-3E08-43E4-BCBB-5940B9F741C6}.Debug|Any CPU.ActiveCfg = Debug|Any CPU
		{28692D43-3E08-43E4-BCBB-5940B9F741C6}.Debug|Any CPU.Build.0 = Debug|Any CPU
		{28692D43-3E08-43E4-BCBB-5940B9F741C6}.Release|Any CPU.ActiveCfg = Release|Any CPU
		{28692D43-3E08-43E4-BCBB-5940B9F741C6}.Release|Any CPU.Build.0 = Release|Any CPU
	EndGlobalSection
	GlobalSection(SolutionProperties) = preSolution
		HideSolutionNode = FALSE
	EndGlobalSection
	GlobalSection(NestedProjects) = preSolution
		{2FDD6DBD-F203-4EC9-9F9B-6771713CC353} = {13D8126E-E351-4956-AA64-2BAF6F8B2613}
		{D56F6954-7CCA-41D6-BA81-850F0C81FE3A} = {660FEA1B-C886-4B72-AD70-1D7DD248CD76}
		{D91C182D-DC97-4F9B-AFFE-8C7A62501DA6} = {660FEA1B-C886-4B72-AD70-1D7DD248CD76}
		{4C5B170E-CAA1-421E-9FA5-9C2D6BEDB27C} = {460F2EC0-8774-4A26-835C-2FFFCAEEE1FA}
		{7123A8AE-678D-4D14-82E5-EB5607ABDC4A} = {460F2EC0-8774-4A26-835C-2FFFCAEEE1FA}
		{70B787F2-8B79-4AA5-8C73-26682A605B6B} = {660FEA1B-C886-4B72-AD70-1D7DD248CD76}
		{28692D43-3E08-43E4-BCBB-5940B9F741C6} = {660FEA1B-C886-4B72-AD70-1D7DD248CD76}
	EndGlobalSection
	GlobalSection(ExtensibilityGlobals) = postSolution
		SolutionGuid = {4388262D-A716-4918-A629-6072E4F8B668}
	EndGlobalSection
EndGlobal
